{
  "originHash" : "3bc7166cdc429abc907a44d69bc6f3c3a8801a0074ba2e975185033afa72c72c",
  "pins" : [
    {
      "identity" : "mapbox-common-ios",
      "kind" : "remoteSourceControl",
      "location" : "https://github.com/mapbox/mapbox-common-ios.git",
      "state" : {
        "revision" : "c00b5eef6a2ec81930d915730c6dbd92c83d874c",
        "version" : "24.31.1"
      }
    },
    {
      "identity" : "mapbox-core-maps-ios",
      "kind" : "remoteSourceControl",
      "location" : "https://github.com/mapbox/mapbox-core-maps-ios.git",
      "state" : {
        "revision" : "03fc876d19072637689a465ff9a2be64ba447439",
        "version" : "11.31.1"
      }
    },
    {
      "identity" : "mapbox-maps-ios-binary",
      "kind" : "remoteSourceControl",
      "location" : "git@github.com:mapbox/mapbox-maps-ios-binary.git",
      "state" : {
        "revision" : "0534912a5375a920cd16f77964c759ec37403f9c",
        "version" : "11.31.1"
      }
    },
    {
      "identity" : "turf-swift",
      "kind" : "remoteSourceControl",
      "location" : "https://github.com/mapbox/turf-swift.git",
      "state" : {
        "revision" : "bf840e6b9529d105687840fe2c9dcd74197d46d1",
        "version" : "4.0.0"
      }
    }
  ],
  "version" : 3
}
